// !$*UTF8*$!
{
	archiveVersion = 1;
	classes = {
	};
	objectVersion = 50;
	objects = {

/* Begin PBXBuildFile section */
		1362B3C72457EE5E0092D879 /* AppDelegate.swift in Sources */ = {isa = PBXBuildFile; fileRef = 1362B3C62457EE5E0092D879 /* AppDelegate.swift */; };
		1362B3C92457EE5E0092D879 /* SceneDelegate.swift in Sources */ = {isa = PBXBuildFile; fileRef = 1362B3C82457EE5E0092D879 /* SceneDelegate.swift */; };
		1362B3D02457EE660092D879 /* Assets.xcassets in Resources */ = {isa = PBXBuildFile; fileRef = 1362B3CF2457EE660092D879 /* Assets.xcassets */; };
		1362B3D32457EE660092D879 /* LaunchScreen.storyboard in Resources */ = {isa = PBXBuildFile; fileRef = 1362B3D12457EE660092D879 /* LaunchScreen.storyboard */; };
		1362B3E72457EFB10092D879 /* MainTabController.swift in Sources */ = {isa = PBXBuildFile; fileRef = 1362B3E62457EFB10092D879 /* MainTabController.swift */; };
		1362B3E92457F13D0092D879 /* Main.storyboard in Resources */ = {isa = PBXBuildFile; fileRef = 1362B3E82457F13D0092D879 /* Main.storyboard */; };
		1362B3EB2457F20E0092D879 /* FeedVC.swift in Sources */ = {isa = PBXBuildFile; fileRef = 1362B3EA2457F20E0092D879 /* FeedVC.swift */; };
		1362B3ED2457F2290092D879 /* ExploreVC.swift in Sources */ = {isa = PBXBuildFile; fileRef = 1362B3EC2457F2290092D879 /* ExploreVC.swift */; };
		1362B3EF2457F2330092D879 /* NotififcationVC.swift in Sources */ = {isa = PBXBuildFile; fileRef = 1362B3EE2457F2330092D879 /* NotififcationVC.swift */; };
		1362B3F12457F24B0092D879 /* ConversationVC.swift in Sources */ = {isa = PBXBuildFile; fileRef = 1362B3F02457F24B0092D879 /* ConversationVC.swift */; };
		1362B3F32457FE0E0092D879 /* Extensions.swift in Sources */ = {isa = PBXBuildFile; fileRef = 1362B3F22457FE0E0092D879 /* Extensions.swift */; };
/* End PBXBuildFile section */

/* Begin PBXFileReference section */
		1362B3C32457EE5E0092D879 /* twitter-clone.app */ = {isa = PBXFileReference; explicitFileType = wrapper.application; includeInIndex = 0; path = "twitter-clone.app"; sourceTree = BUILT_PRODUCTS_DIR; };
		1362B3C62457EE5E0092D879 /* AppDelegate.swift */ = {isa = PBXFileReference; lastKnownFileType = sourcecode.swift; path = AppDelegate.swift; sourceTree = "<group>"; };
		1362B3C82457EE5E0092D879 /* SceneDelegate.swift */ = {isa = PBXFileReference; lastKnownFileType = sourcecode.swift; path = SceneDelegate.swift; sourceTree = "<group>"; };
		1362B3CF2457EE660092D879 /* Assets.xcassets */ = {isa = PBXFileReference; lastKnownFileType = folder.assetcatalog; path = Assets.xcassets; sourceTree = "<group>"; };
		1362B3D22457EE660092D879 /* Base */ = {isa = PBXFileReference; lastKnownFileType = file.storyboard; name = Base; path = Base.lproj/LaunchScreen.storyboard; sourceTree = "<group>"; };
		1362B3D42457EE660092D879 /* Info.plist */ = {isa = PBXFileReference; lastKnownFileType = text.plist.xml; path = Info.plist; sourceTree = "<group>"; };
		1362B3E62457EFB10092D879 /* MainTabController.swift */ = {isa = PBXFileReference; lastKnownFileType = sourcecode.swift; path = MainTabController.swift; sourceTree = "<group>"; };
		1362B3E82457F13D0092D879 /* Main.storyboard */ = {isa = PBXFileReference; lastKnownFileType = file.storyboard; path = Main.storyboard; sourceTree = "<group>"; };
		1362B3EA2457F20E0092D879 /* FeedVC.swift */ = {isa = PBXFileReference; lastKnownFileType = sourcecode.swift; path = FeedVC.swift; sourceTree = "<group>"; };
		1362B3EC2457F2290092D879 /* ExploreVC.swift */ = {isa = PBXFileReference; lastKnownFileType = sourcecode.swift; path = ExploreVC.swift; sourceTree = "<group>"; };
		1362B3EE2457F2330092D879 /* NotififcationVC.swift */ = {isa = PBXFileReference; lastKnownFileType = sourcecode.swift; path = NotififcationVC.swift; sourceTree = "<group>"; };
		1362B3F02457F24B0092D879 /* ConversationVC.swift */ = {isa = PBXFileReference; lastKnownFileType = sourcecode.swift; path = ConversationVC.swift; sourceTree = "<group>"; };
		1362B3F22457FE0E0092D879 /* Extensions.swift */ = {isa = PBXFileReference; lastKnownFileType = sourcecode.swift; path = Extensions.swift; sourceTree = "<group>"; };
/* End PBXFileReference section */

/* Begin PBXFrameworksBuildPhase section */
		1362B3C02457EE5E0092D879 /* Frameworks */ = {
			isa = PBXFrameworksBuildPhase;
			buildActionMask = 2147483647;
			files = (
			);
			runOnlyForDeploymentPostprocessing = 0;
		};
/* End PBXFrameworksBuildPhase section */

/* Begin PBXGroup section */
		1362B3BA2457EE5E0092D879 = {
			isa = PBXGroup;
			children = (
				1362B3C52457EE5E0092D879 /* twitter-clone */,
				1362B3C42457EE5E0092D879 /* Products */,
			);
			sourceTree = "<group>";
		};
		1362B3C42457EE5E0092D879 /* Products */ = {
			isa = PBXGroup;
			children = (
				1362B3C32457EE5E0092D879 /* twitter-clone.app */,
			);
			name = Products;
			sourceTree = "<group>";
		};
		1362B3C52457EE5E0092D879 /* twitter-clone */ = {
			isa = PBXGroup;
			children = (
				1362B3E52457EEB80092D879 /* Utils */,
				1362B3E32457EEAF0092D879 /* API */,
				1362B3DF2457EE860092D879 /* Controller */,
				1362B3DD2457EE830092D879 /* ViewModel */,
				1362B3DC2457EE800092D879 /* View */,
				1362B3DB2457EE7E0092D879 /* Model */,
				1362B3C62457EE5E0092D879 /* AppDelegate.swift */,
				1362B3C82457EE5E0092D879 /* SceneDelegate.swift */,
				1362B3CF2457EE660092D879 /* Assets.xcassets */,
				1362B3D12457EE660092D879 /* LaunchScreen.storyboard */,
				1362B3D42457EE660092D879 /* Info.plist */,
				1362B3E82457F13D0092D879 /* Main.storyboard */,
			);
			path = "twitter-clone";
			sourceTree = "<group>";
		};
		1362B3DB2457EE7E0092D879 /* Model */ = {
			isa = PBXGroup;
			children = (
			);
			path = Model;
			sourceTree = "<group>";
		};
		1362B3DC2457EE800092D879 /* View */ = {
			isa = PBXGroup;
			children = (
			);
			path = View;
			sourceTree = "<group>";
		};
		1362B3DD2457EE830092D879 /* ViewModel */ = {
			isa = PBXGroup;
			children = (
			);
			path = ViewModel;
			sourceTree = "<group>";
		};
		1362B3DF2457EE860092D879 /* Controller */ = {
			isa = PBXGroup;
			children = (
				1362B3E62457EFB10092D879 /* MainTabController.swift */,
				1362B3EA2457F20E0092D879 /* FeedVC.swift */,
				1362B3EC2457F2290092D879 /* ExploreVC.swift */,
				1362B3EE2457F2330092D879 /* NotififcationVC.swift */,
				1362B3F02457F24B0092D879 /* ConversationVC.swift */,
			);
			path = Controller;
			sourceTree = "<group>";
		};
		1362B3E32457EEAF0092D879 /* API */ = {
			isa = PBXGroup;
			children = (
			);
			path = API;
			sourceTree = "<group>";
		};
		1362B3E52457EEB80092D879 /* Utils */ = {
			isa = PBXGroup;
			children = (
				1362B3F22457FE0E0092D879 /* Extensions.swift */,
			);
			path = Utils;
			sourceTree = "<group>";
		};
/* End PBXGroup section */

/* Begin PBXNativeTarget section */
		1362B3C22457EE5E0092D879 /* twitter-clone */ = {
			isa = PBXNativeTarget;
			buildConfigurationList = 1362B3D72457EE660092D879 /* Build configuration list for PBXNativeTarget "twitter-clone" */;
			buildPhases = (
				1362B3BF2457EE5E0092D879 /* Sources */,
				1362B3C02457EE5E0092D879 /* Frameworks */,
				1362B3C12457EE5E0092D879 /* Resources */,
			);
			buildRules = (
			);
			dependencies = (
			);
			name = "twitter-clone";
			productName = "twitter-clone";
			productReference = 1362B3C32457EE5E0092D879 /* twitter-clone.app */;
			productType = "com.apple.product-type.application";
		};
/* End PBXNativeTarget section */

/* Begin PBXProject section */
		1362B3BB2457EE5E0092D879 /* Project object */ = {
			isa = PBXProject;
			attributes = {
				LastSwiftUpdateCheck = 1130;
				LastUpgradeCheck = 1130;
				ORGANIZATIONNAME = "Misael Rivera";
				TargetAttributes = {
					1362B3C22457EE5E0092D879 = {
						CreatedOnToolsVersion = 11.3.1;
					};
				};
			};
			buildConfigurationList = 1362B3BE2457EE5E0092D879 /* Build configuration list for PBXProject "twitter-clone" */;
			compatibilityVersion = "Xcode 9.3";
			developmentRegion = en;
			hasScannedForEncodings = 0;
			knownRegions = (
				en,
				Base,
			);
			mainGroup = 1362B3BA2457EE5E0092D879;
			productRefGroup = 1362B3C42457EE5E0092D879 /* Products */;
			projectDirPath = "";
			projectRoot = "";
			targets = (
				1362B3C22457EE5E0092D879 /* twitter-clone */,
			);
		};
/* End PBXProject section */

/* Begin PBXResourcesBuildPhase section */
		1362B3C12457EE5E0092D879 /* Resources */ = {
			isa = PBXResourcesBuildPhase;
			buildActionMask = 2147483647;
			files = (
				1362B3E92457F13D0092D879 /* Main.storyboard in Resources */,
				1362B3D32457EE660092D879 /* LaunchScreen.storyboard in Resources */,
				1362B3D02457EE660092D879 /* Assets.xcassets in Resources */,
			);
			runOnlyForDeploymentPostprocessing = 0;
		};
/* End PBXResourcesBuildPhase section */

/* Begin PBXSourcesBuildPhase section */
		1362B3BF2457EE5E0092D879 /* Sources */ = {
			isa = PBXSourcesBuildPhase;
			buildActionMask = 2147483647;
			files = (
				1362B3EF2457F2330092D879 /* NotififcationVC.swift in Sources */,
				1362B3F12457F24B0092D879 /* ConversationVC.swift in Sources */,
				1362B3EB2457F20E0092D879 /* FeedVC.swift in Sources */,
				1362B3F32457FE0E0092D879 /* Extensions.swift in Sources */,
				1362B3C72457EE5E0092D879 /* AppDelegate.swift in Sources */,
				1362B3ED2457F2290092D879 /* ExploreVC.swift in Sources */,
				1362B3E72457EFB10092D879 /* MainTabController.swift in Sources */,
				1362B3C92457EE5E0092D879 /* SceneDelegate.swift in Sources */,
			);
			runOnlyForDeploymentPostprocessing = 0;
		};
/* End PBXSourcesBuildPhase section */

/* Begin PBXVariantGroup section */
		1362B3D12457EE660092D879 /* LaunchScreen.storyboard */ = {
			isa = PBXVariantGroup;
			children = (
				1362B3D22457EE660092D879 /* Base */,
			);
			name = LaunchScreen.storyboard;
			sourceTree = "<group>";
		};
/* End PBXVariantGroup section */

/* Begin XCBuildConfiguration section */
		1362B3D52457EE660092D879 /* Debug */ = {
			isa = XCBuildConfiguration;
			buildSettings = {
				ALWAYS_SEARCH_USER_PATHS = NO;
				CLANG_ANALYZER_NONNULL = YES;
				CLANG_ANALYZER_NUMBER_OBJECT_CONVERSION = YES_AGGRESSIVE;
				CLANG_CXX_LANGUAGE_STANDARD = "gnu++14";
				CLANG_CXX_LIBRARY = "libc++";
				CLANG_ENABLE_MODULES = YES;
				CLANG_ENABLE_OBJC_ARC = YES;
				CLANG_ENABLE_OBJC_WEAK = YES;
				CLANG_WARN_BLOCK_CAPTURE_AUTORELEASING = YES;
				CLANG_WARN_BOOL_CONVERSION = YES;
				CLANG_WARN_COMMA = YES;
				CLANG_WARN_CONSTANT_CONVERSION = YES;
				CLANG_WARN_DEPRECATED_OBJC_IMPLEMENTATIONS = YES;
				CLANG_WARN_DIRECT_OBJC_ISA_USAGE = YES_ERROR;
				CLANG_WARN_DOCUMENTATION_COMMENTS = YES;
				CLANG_WARN_EMPTY_BODY = YES;
				CLANG_WARN_ENUM_CONVERSION = YES;
				CLANG_WARN_INFINITE_RECURSION = YES;
				CLANG_WARN_INT_CONVERSION = YES;
				CLANG_WARN_NON_LITERAL_NULL_CONVERSION = YES;
				CLANG_WARN_OBJC_IMPLICIT_RETAIN_SELF = YES;
				CLANG_WARN_OBJC_LITERAL_CONVERSION = YES;
				CLANG_WARN_OBJC_ROOT_CLASS = YES_ERROR;
				CLANG_WARN_RANGE_LOOP_ANALYSIS = YES;
				CLANG_WARN_STRICT_PROTOTYPES = YES;
				CLANG_WARN_SUSPICIOUS_MOVE = YES;
				CLANG_WARN_UNGUARDED_AVAILABILITY = YES_AGGRESSIVE;
				CLANG_WARN_UNREACHABLE_CODE = YES;
				CLANG_WARN__DUPLICATE_METHOD_MATCH = YES;
				COPY_PHASE_STRIP = NO;
				DEBUG_INFORMATION_FORMAT = dwarf;
				ENABLE_STRICT_OBJC_MSGSEND = YES;
				ENABLE_TESTABILITY = YES;
				GCC_C_LANGUAGE_STANDARD = gnu11;
				GCC_DYNAMIC_NO_PIC = NO;
				GCC_NO_COMMON_BLOCKS = YES;
				GCC_OPTIMIZATION_LEVEL = 0;
				GCC_PREPROCESSOR_DEFINITIONS = (
					"DEBUG=1",
					"$(inherited)",
				);
				GCC_WARN_64_TO_32_BIT_CONVERSION = YES;
				GCC_WARN_ABOUT_RETURN_TYPE = YES_ERROR;
				GCC_WARN_UNDECLARED_SELECTOR = YES;
				GCC_WARN_UNINITIALIZED_AUTOS = YES_AGGRESSIVE;
				GCC_WARN_UNUSED_FUNCTION = YES;
				GCC_WARN_UNUSED_VARIABLE = YES;
				IPHONEOS_DEPLOYMENT_TARGET = 13.2;
				MTL_ENABLE_DEBUG_INFO = INCLUDE_SOURCE;
				MTL_FAST_MATH = YES;
				ONLY_ACTIVE_ARCH = YES;
				SDKROOT = iphoneos;
				SWIFT_ACTIVE_COMPILATION_CONDITIONS = DEBUG;
				SWIFT_OPTIMIZATION_LEVEL = "-Onone";
			};
			name = Debug;
		};
		1362B3D62457EE660092D879 /* Release */ = {
			isa = XCBuildConfiguration;
			buildSettings = {
				ALWAYS_SEARCH_USER_PATHS = NO;
				CLANG_ANALYZER_NONNULL = YES;
				CLANG_ANALYZER_NUMBER_OBJECT_CONVERSION = YES_AGGRESSIVE;
				CLANG_CXX_LANGUAGE_STANDARD = "gnu++14";
				CLANG_CXX_LIBRARY = "libc++";
				CLANG_ENABLE_MODULES = YES;
				CLANG_ENABLE_OBJC_ARC = YES;
				CLANG_ENABLE_OBJC_WEAK = YES;
				CLANG_WARN_BLOCK_CAPTURE_AUTORELEASING = YES;
				CLANG_WARN_BOOL_CONVERSION = YES;
				CLANG_WARN_COMMA = YES;
				CLANG_WARN_CONSTANT_CONVERSION = YES;
				CLANG_WARN_DEPRECATED_OBJC_IMPLEMENTATIONS = YES;
				CLANG_WARN_DIRECT_OBJC_ISA_USAGE = YES_ERROR;
				CLANG_WARN_DOCUMENTATION_COMMENTS = YES;
				CLANG_WARN_EMPTY_BODY = YES;
				CLANG_WARN_ENUM_CONVERSION = YES;
				CLANG_WARN_INFINITE_RECURSION = YES;
				CLANG_WARN_INT_CONVERSION = YES;
				CLANG_WARN_NON_LITERAL_NULL_CONVERSION = YES;
				CLANG_WARN_OBJC_IMPLICIT_RETAIN_SELF = YES;
				CLANG_WARN_OBJC_LITERAL_CONVERSION = YES;
				CLANG_WARN_OBJC_ROOT_CLASS = YES_ERROR;
				CLANG_WARN_RANGE_LOOP_ANALYSIS = YES;
				CLANG_WARN_STRICT_PROTOTYPES = YES;
				CLANG_WARN_SUSPICIOUS_MOVE = YES;
				CLANG_WARN_UNGUARDED_AVAILABILITY = YES_AGGRESSIVE;
				CLANG_WARN_UNREACHABLE_CODE = YES;
				CLANG_WARN__DUPLICATE_METHOD_MATCH = YES;
				COPY_PHASE_STRIP = NO;
				DEBUG_INFORMATION_FORMAT = "dwarf-with-dsym";
				ENABLE_NS_ASSERTIONS = NO;
				ENABLE_STRICT_OBJC_MSGSEND = YES;
				GCC_C_LANGUAGE_STANDARD = gnu11;
				GCC_NO_COMMON_BLOCKS = YES;
				GCC_WARN_64_TO_32_BIT_CONVERSION = YES;
				GCC_WARN_ABOUT_RETURN_TYPE = YES_ERROR;
				GCC_WARN_UNDECLARED_SELECTOR = YES;
				GCC_WARN_UNINITIALIZED_AUTOS = YES_AGGRESSIVE;
				GCC_WARN_UNUSED_FUNCTION = YES;
				GCC_WARN_UNUSED_VARIABLE = YES;
				IPHONEOS_DEPLOYMENT_TARGET = 13.2;
				MTL_ENABLE_DEBUG_INFO = NO;
				MTL_FAST_MATH = YES;
				SDKROOT = iphoneos;
				SWIFT_COMPILATION_MODE = wholemodule;
				SWIFT_OPTIMIZATION_LEVEL = "-O";
				VALIDATE_PRODUCT = YES;
			};
			name = Release;
		};
		1362B3D82457EE660092D879 /* Debug */ = {
			isa = XCBuildConfiguration;
			buildSettings = {
				ASSETCATALOG_COMPILER_APPICON_NAME = AppIcon;
				CODE_SIGN_STYLE = Automatic;
				DEVELOPMENT_TEAM = 967D57A66Z;
				INFOPLIST_FILE = "twitter-clone/Info.plist";
				LD_RUNPATH_SEARCH_PATHS = (
					"$(inherited)",
					"@executable_path/Frameworks",
				);
				PRODUCT_BUNDLE_IDENTIFIER = "ms.jmrb.twitter-clone";
				PRODUCT_NAME = "$(TARGET_NAME)";
				SWIFT_VERSION = 5.0;
				TARGETED_DEVICE_FAMILY = "1,2";
			};
			name = Debug;
		};
		1362B3D92457EE660092D879 /* Release */ = {
			isa = XCBuildConfiguration;
			buildSettings = {
				ASSETCATALOG_COMPILER_APPICON_NAME = AppIcon;
				CODE_SIGN_STYLE = Automatic;
				DEVELOPMENT_TEAM = 967D57A66Z;
				INFOPLIST_FILE = "twitter-clone/Info.plist";
				LD_RUNPATH_SEARCH_PATHS = (
					"$(inherited)",
					"@executable_path/Frameworks",
				);
				PRODUCT_BUNDLE_IDENTIFIER = "ms.jmrb.twitter-clone";
				PRODUCT_NAME = "$(TARGET_NAME)";
				SWIFT_VERSION = 5.0;
				TARGETED_DEVICE_FAMILY = "1,2";
			};
			name = Release;
		};
/* End XCBuildConfiguration section */

/* Begin XCConfigurationList section */
		1362B3BE2457EE5E0092D879 /* Build configuration list for PBXProject "twitter-clone" */ = {
			isa = XCConfigurationList;
			buildConfigurations = (
				1362B3D52457EE660092D879 /* Debug */,
				1362B3D62457EE660092D879 /* Release */,
			);
			defaultConfigurationIsVisible = 0;
			defaultConfigurationName = Release;
		};
		1362B3D72457EE660092D879 /* Build configuration list for PBXNativeTarget "twitter-clone" */ = {
			isa = XCConfigurationList;
			buildConfigurations = (
				1362B3D82457EE660092D879 /* Debug */,
				1362B3D92457EE660092D879 /* Release */,
			);
			defaultConfigurationIsVisible = 0;
			defaultConfigurationName = Release;
		};
/* End XCConfigurationList section */
	};
	rootObject = 1362B3BB2457EE5E0092D879 /* Project object */;
}
